
Microsoft Visual Studio Solution File, Format Version 12.00
# Visual Studio Version 17
VisualStudioVersion = 17.14.37012.4 d17.14
MinimumVisualStudioVersion = 10.0.40219.1
Project("{8BC9CEB8-8B4A-11D0-8D11-00A0C91BC942}") = "TCP_Server", "TCP_Server\TCP_Server.vcxproj", "{FDE9ED3F-339C-427C-AA04-7446CB06AE4D}"
EndProject
Global
	GlobalSection(SolutionConfigurationPlatforms) = preSolution
		Debug|x64 = Debug|x64
		Debug|x86 = Debug|x86
		Release|x64 = Release|x64
		Release|x86 = Release|x86
	EndGlobalSection
	GlobalSection(ProjectConfigurationPlatforms) = postSolution
		{FDE9ED3F-339C-427C-AA04-7446CB06AE4D}.Debug|x64.ActiveCfg = Debug|x64
		{FDE9ED3F-339C-427C-AA04-7446CB06AE4D}.Debug|x64.Build.0 = Debug|x64
		{FDE9ED3F-339C-427C-AA04-7446CB06AE4D}.Debug|x86.ActiveCfg = Debug|Win32
		{FDE9ED3F-339C-427C-AA04-7446CB06AE4D}.Debug|x86.Build.0 = Debug|Win32
		{FDE9ED3F-339C-427C-AA04-7446CB06AE4D}.Release|x64.ActiveCfg = Release|x64
		{FDE9ED3F-339C-427C-AA04-7446CB06AE4D}.Release|x64.Build.0 = Release|x64
		{FDE9ED3F-339C-427C-AA04-7446CB06AE4D}.Release|x86.ActiveCfg = Release|Win32
		{FDE9ED3F-339C-427C-AA04-7446CB06AE4D}.Release|x86.Build.0 = Release|Win32
	EndGlobalSection
	GlobalSection(SolutionProperties) = preSolution
		HideSolutionNode = FALSE
	EndGlobalSection
	GlobalSection(ExtensibilityGlobals) = postSolution
		SolutionGuid = {06CEE929-124B-4552-9109-6F46B6BEBC48}
	EndGlobalSection
EndGlobal
